
Microsoft Visual Studio Solution File, Format Version 12.00
# Visual Studio Version 17
VisualStudioVersion = 17.6.33723.286
MinimumVisualStudioVersion = 10.0.40219.1
Project("{888888A0-9F3D-457C-B088-3A5042F75D52}") = "Strange_Movie_Library", "Strange_Movie_Library\Strange_Movie_Library.pyproj", "{5C1B5177-14B8-49C5-AC16-A75CF5042AA1}"
EndProject
Global
	GlobalSection(SolutionConfigurationPlatforms) = preSolution
		Debug|Any CPU = Debug|Any CPU
		Release|Any CPU = Release|Any CPU
	EndGlobalSection
	GlobalSection(ProjectConfigurationPlatforms) = postSolution
		{5C1B5177-14B8-49C5-AC16-A75CF5042AA1}.Debug|Any CPU.ActiveCfg = Debug|Any CPU
		{5C1B5177-14B8-49C5-AC16-A75CF5042AA1}.Release|Any CPU.ActiveCfg = Release|Any CPU
	EndGlobalSection
	GlobalSection(SolutionProperties) = preSolution
		HideSolutionNode = FALSE
	EndGlobalSection
	GlobalSection(ExtensibilityGlobals) = postSolution
		SolutionGuid = {AC94B43B-C18A-4150-B66F-49D9453A3C66}
	EndGlobalSection
EndGlobal
